# This file is automatically @generated by Cargo.
# It is not intended for manual editing.
version = 3

[[package]]
name = "erg"
version = "0.2.5"
dependencies = [
 "erg_common",
 "erg_compiler",
 "erg_parser",
]

[[package]]
name = "erg_common"
version = "0.2.5"

[[package]]
name = "erg_compiler"
version = "0.2.5"
dependencies = [
 "erg_common",
 "erg_parser",
]

[[package]]
name = "erg_parser"
version = "0.2.5"
dependencies = [
 "erg_common",
]
