# This file is automatically @generated by Cargo.
# It is not intended for manual editing.
version = 3

[[package]]
name = "addr2line"
version = "0.21.0"
source = "registry+https://github.com/rust-lang/crates.io-index"
checksum = "8a30b2e23b9e17a9f90641c7ab1549cd9b44f296d3ccbf309d2863cfe398a0cb"
dependencies = [
 "gimli",
]

[[package]]
name = "adler"
version = "1.0.2"
source = "registry+https://github.com/rust-lang/crates.io-index"
checksum = "f26201604c87b1e01bd3d98f8d5d9a8fcbb815e8cedb41ffccbeb4bf593a35fe"

[[package]]
name = "autocfg"
version = "1.3.0"
source = "registry+https://github.com/rust-lang/crates.io-index"
checksum = "0c4b4d0bd25bd0b74681c0ad21497610ce1b7c91b1022cd21c80c6fbdd9476b0"

[[package]]
name = "backtrace"
version = "0.3.71"
source = "registry+https://github.com/rust-lang/crates.io-index"
checksum = "26b05800d2e817c8b3b4b54abd461726265fa9789ae34330622f2db9ee696f9d"
dependencies = [
 "addr2line",
 "cc",
 "cfg-if",
 "libc",
 "miniz_oxide",
 "object",
 "rustc-demangle",
]

[[package]]
name = "backtrace-on-stack-overflow"
version = "0.3.0"
source = "registry+https://github.com/rust-lang/crates.io-index"
checksum = "7fd2d70527f3737a1ad17355e260706c1badebabd1fa06a7a053407380df841b"
dependencies = [
 "backtrace",
 "libc",
 "nix",
]

[[package]]
name = "bitflags"
version = "1.3.2"
source = "registry+https://github.com/rust-lang/crates.io-index"
checksum = "bef38d45163c2f1dde094a7dfd33ccf595c92905c8f8f4fdc18d06fb1037718a"

[[package]]
name = "bitflags"
version = "2.5.0"
source = "registry+https://github.com/rust-lang/crates.io-index"
checksum = "cf4b9d6a944f767f8e5e0db018570623c85f3d925ac718db4e06d0187adb21c1"

[[package]]
name = "cc"
version = "1.0.98"
source = "registry+https://github.com/rust-lang/crates.io-index"
checksum = "41c270e7540d725e65ac7f1b212ac8ce349719624d7bcff99f8e2e488e8cf03f"

[[package]]
name = "cfg-if"
version = "1.0.0"
source = "registry+https://github.com/rust-lang/crates.io-index"
checksum = "baf1de4339761588bc0619e3cbc0120ee582ebb74b53b4efbf79117bd2da40fd"

[[package]]
name = "crossterm"
version = "0.25.0"
source = "registry+https://github.com/rust-lang/crates.io-index"
checksum = "e64e6c0fbe2c17357405f7c758c1ef960fce08bdfb2c03d88d2a18d7e09c4b67"
dependencies = [
 "bitflags 1.3.2",
 "crossterm_winapi",
 "libc",
 "mio",
 "parking_lot",
 "signal-hook",
 "signal-hook-mio",
 "winapi",
]

[[package]]
name = "crossterm_winapi"
version = "0.9.1"
source = "registry+https://github.com/rust-lang/crates.io-index"
checksum = "acdd7c62a3665c7f6830a51635d9ac9b23ed385797f70a83bb8bafe9c572ab2b"
dependencies = [
 "winapi",
]

[[package]]
name = "els"
version = "0.1.49"
dependencies = [
 "erg_common",
 "erg_compiler",
 "erg_linter",
 "erg_proc_macros",
 "lsp-types",
 "molc",
 "serde",
 "serde_json",
]

[[package]]
name = "erg"
version = "0.6.37"
dependencies = [
 "els",
 "erg_common",
 "erg_compiler",
 "erg_linter",
 "erg_parser",
]

[[package]]
name = "erg_common"
version = "0.6.37"
dependencies = [
 "backtrace-on-stack-overflow",
 "crossterm",
 "erg_proc_macros",
 "parking_lot",
 "pyo3",
 "thread_local",
]

[[package]]
name = "erg_compiler"
version = "0.6.37"
dependencies = [
 "erg_common",
 "erg_parser",
 "pyo3",
]

[[package]]
name = "erg_linter"
version = "0.6.37"
dependencies = [
 "erg_common",
 "erg_compiler",
 "erg_parser",
]

[[package]]
name = "erg_parser"
version = "0.6.37"
dependencies = [
 "erg_common",
 "erg_proc_macros",
 "pyo3",
 "unicode-xid",
]

[[package]]
name = "erg_proc_macros"
version = "0.6.37"
dependencies = [
 "quote",
 "syn 1.0.109",
]

[[package]]
name = "form_urlencoded"
version = "1.2.1"
source = "registry+https://github.com/rust-lang/crates.io-index"
checksum = "e13624c2627564efccf4934284bdd98cbaa14e79b0b5a141218e507b3a823456"
dependencies = [
 "percent-encoding",
]

[[package]]
name = "gimli"
version = "0.28.1"
source = "registry+https://github.com/rust-lang/crates.io-index"
checksum = "4271d37baee1b8c7e4b708028c57d816cf9d2434acb33a549475f78c181f6253"

[[package]]
name = "heck"
version = "0.4.1"
source = "registry+https://github.com/rust-lang/crates.io-index"
checksum = "95505c38b4572b2d910cecb0281560f54b440a19336cbbcb27bf6ce6adc6f5a8"

[[package]]
name = "idna"
version = "0.5.0"
source = "registry+https://github.com/rust-lang/crates.io-index"
checksum = "634d9b1461af396cad843f47fdba5597a4f9e6ddd4bfb6ff5d85028c25cb12f6"
dependencies = [
 "unicode-bidi",
 "unicode-normalization",
]

[[package]]
name = "indoc"
version = "2.0.5"
source = "registry+https://github.com/rust-lang/crates.io-index"
checksum = "b248f5224d1d606005e02c97f5aa4e88eeb230488bcc03bc9ca4d7991399f2b5"

[[package]]
name = "itoa"
version = "1.0.11"
source = "registry+https://github.com/rust-lang/crates.io-index"
checksum = "49f1f14873335454500d59611f1cf4a4b0f786f9ac11f4312a78e4cf2566695b"

[[package]]
name = "libc"
version = "0.2.155"
source = "registry+https://github.com/rust-lang/crates.io-index"
checksum = "97b3888a4aecf77e811145cadf6eef5901f4782c53886191b2f693f24761847c"

[[package]]
name = "lock_api"
version = "0.4.12"
source = "registry+https://github.com/rust-lang/crates.io-index"
checksum = "07af8b9cdd281b7915f413fa73f29ebd5d55d0d3f0155584dade1ff18cea1b17"
dependencies = [
 "autocfg",
 "scopeguard",
]

[[package]]
name = "log"
version = "0.4.21"
source = "registry+https://github.com/rust-lang/crates.io-index"
checksum = "90ed8c1e510134f979dbc4f070f87d4313098b704861a105fe34231c70a3901c"

[[package]]
name = "lsp-types"
version = "0.93.2"
source = "registry+https://github.com/rust-lang/crates.io-index"
checksum = "9be6e9c7e2d18f651974370d7aff703f9513e0df6e464fd795660edc77e6ca51"
dependencies = [
 "bitflags 1.3.2",
 "serde",
 "serde_json",
 "serde_repr",
 "url",
]

[[package]]
name = "memchr"
version = "2.7.2"
source = "registry+https://github.com/rust-lang/crates.io-index"
checksum = "6c8640c5d730cb13ebd907d8d04b52f55ac9a2eec55b440c8892f40d56c76c1d"

[[package]]
name = "memoffset"
version = "0.6.5"
source = "registry+https://github.com/rust-lang/crates.io-index"
checksum = "5aa361d4faea93603064a027415f07bd8e1d5c88c9fbf68bf56a285428fd79ce"
dependencies = [
 "autocfg",
]

[[package]]
name = "memoffset"
version = "0.9.1"
source = "registry+https://github.com/rust-lang/crates.io-index"
checksum = "488016bfae457b036d996092f6cb448677611ce4449e970ceaf42695203f218a"
dependencies = [
 "autocfg",
]

[[package]]
name = "miniz_oxide"
version = "0.7.3"
source = "registry+https://github.com/rust-lang/crates.io-index"
checksum = "87dfd01fe195c66b572b37921ad8803d010623c0aca821bea2302239d155cdae"
dependencies = [
 "adler",
]

[[package]]
name = "mio"
version = "0.8.11"
source = "registry+https://github.com/rust-lang/crates.io-index"
checksum = "a4a650543ca06a924e8b371db273b2756685faae30f8487da1b56505a8f78b0c"
dependencies = [
 "libc",
 "log",
 "wasi",
 "windows-sys",
]

[[package]]
name = "molc"
version = "0.3.0"
source = "registry+https://github.com/rust-lang/crates.io-index"
checksum = "4584f5f0dfee2be636c6413e44e0b73e23ea299d212fa7124d4c87696533c8a8"
dependencies = [
 "lsp-types",
 "serde",
 "serde_json",
]

[[package]]
name = "nix"
version = "0.23.2"
source = "registry+https://github.com/rust-lang/crates.io-index"
checksum = "8f3790c00a0150112de0f4cd161e3d7fc4b2d8a5542ffc35f099a2562aecb35c"
dependencies = [
 "bitflags 1.3.2",
 "cc",
 "cfg-if",
 "libc",
 "memoffset 0.6.5",
]

[[package]]
name = "object"
version = "0.32.2"
source = "registry+https://github.com/rust-lang/crates.io-index"
checksum = "a6a622008b6e321afc04970976f62ee297fdbaa6f95318ca343e3eebb9648441"
dependencies = [
 "memchr",
]

[[package]]
name = "once_cell"
version = "1.19.0"
source = "registry+https://github.com/rust-lang/crates.io-index"
checksum = "3fdb12b2476b595f9358c5161aa467c2438859caa136dec86c26fdd2efe17b92"

[[package]]
name = "parking_lot"
version = "0.12.2"
source = "registry+https://github.com/rust-lang/crates.io-index"
checksum = "7e4af0ca4f6caed20e900d564c242b8e5d4903fdacf31d3daf527b66fe6f42fb"
dependencies = [
 "lock_api",
 "parking_lot_core",
]

[[package]]
name = "parking_lot_core"
version = "0.9.10"
source = "registry+https://github.com/rust-lang/crates.io-index"
checksum = "1e401f977ab385c9e4e3ab30627d6f26d00e2c73eef317493c4ec6d468726cf8"
dependencies = [
 "cfg-if",
 "libc",
 "redox_syscall",
 "smallvec",
 "windows-targets 0.52.5",
]

[[package]]
name = "percent-encoding"
version = "2.3.1"
source = "registry+https://github.com/rust-lang/crates.io-index"
checksum = "e3148f5046208a5d56bcfc03053e3ca6334e51da8dfb19b6cdc8b306fae3283e"

[[package]]
name = "portable-atomic"
version = "1.6.0"
source = "registry+https://github.com/rust-lang/crates.io-index"
checksum = "7170ef9988bc169ba16dd36a7fa041e5c4cbeb6a35b76d4c03daded371eae7c0"

[[package]]
name = "proc-macro2"
version = "1.0.83"
source = "registry+https://github.com/rust-lang/crates.io-index"
checksum = "0b33eb56c327dec362a9e55b3ad14f9d2f0904fb5a5b03b513ab5465399e9f43"
dependencies = [
 "unicode-ident",
]

[[package]]
name = "pyo3"
version = "0.20.3"
source = "registry+https://github.com/rust-lang/crates.io-index"
checksum = "53bdbb96d49157e65d45cc287af5f32ffadd5f4761438b527b055fb0d4bb8233"
dependencies = [
 "cfg-if",
 "indoc",
 "libc",
 "memoffset 0.9.1",
 "parking_lot",
 "portable-atomic",
 "pyo3-build-config",
 "pyo3-ffi",
 "pyo3-macros",
 "unindent",
]

[[package]]
name = "pyo3-build-config"
version = "0.20.3"
source = "registry+https://github.com/rust-lang/crates.io-index"
checksum = "deaa5745de3f5231ce10517a1f5dd97d53e5a2fd77aa6b5842292085831d48d7"
dependencies = [
 "once_cell",
 "target-lexicon",
]

[[package]]
name = "pyo3-ffi"
version = "0.20.3"
source = "registry+https://github.com/rust-lang/crates.io-index"
checksum = "62b42531d03e08d4ef1f6e85a2ed422eb678b8cd62b762e53891c05faf0d4afa"
dependencies = [
 "libc",
 "pyo3-build-config",
]

[[package]]
name = "pyo3-macros"
version = "0.20.3"
source = "registry+https://github.com/rust-lang/crates.io-index"
checksum = "7305c720fa01b8055ec95e484a6eca7a83c841267f0dd5280f0c8b8551d2c158"
dependencies = [
 "proc-macro2",
 "pyo3-macros-backend",
 "quote",
 "syn 2.0.65",
]

[[package]]
name = "pyo3-macros-backend"
version = "0.20.3"
source = "registry+https://github.com/rust-lang/crates.io-index"
checksum = "7c7e9b68bb9c3149c5b0cade5d07f953d6d125eb4337723c4ccdb665f1f96185"
dependencies = [
 "heck",
 "proc-macro2",
 "pyo3-build-config",
 "quote",
 "syn 2.0.65",
]

[[package]]
name = "quote"
version = "1.0.36"
source = "registry+https://github.com/rust-lang/crates.io-index"
checksum = "0fa76aaf39101c457836aec0ce2316dbdc3ab723cdda1c6bd4e6ad4208acaca7"
dependencies = [
 "proc-macro2",
]

[[package]]
name = "redox_syscall"
version = "0.5.1"
source = "registry+https://github.com/rust-lang/crates.io-index"
checksum = "469052894dcb553421e483e4209ee581a45100d31b4018de03e5a7ad86374a7e"
dependencies = [
 "bitflags 2.5.0",
]

[[package]]
name = "rustc-demangle"
version = "0.1.24"
source = "registry+https://github.com/rust-lang/crates.io-index"
checksum = "719b953e2095829ee67db738b3bfa9fa368c94900df327b3f07fe6e794d2fe1f"

[[package]]
name = "ryu"
version = "1.0.18"
source = "registry+https://github.com/rust-lang/crates.io-index"
checksum = "f3cb5ba0dc43242ce17de99c180e96db90b235b8a9fdc9543c96d2209116bd9f"

[[package]]
name = "scopeguard"
version = "1.2.0"
source = "registry+https://github.com/rust-lang/crates.io-index"
checksum = "94143f37725109f92c262ed2cf5e59bce7498c01bcc1502d7b9afe439a4e9f49"

[[package]]
name = "serde"
version = "1.0.202"
source = "registry+https://github.com/rust-lang/crates.io-index"
checksum = "226b61a0d411b2ba5ff6d7f73a476ac4f8bb900373459cd00fab8512828ba395"
dependencies = [
 "serde_derive",
]

[[package]]
name = "serde_derive"
version = "1.0.202"
source = "registry+https://github.com/rust-lang/crates.io-index"
checksum = "6048858004bcff69094cd972ed40a32500f153bd3be9f716b2eed2e8217c4838"
dependencies = [
 "proc-macro2",
 "quote",
 "syn 2.0.65",
]

[[package]]
name = "serde_json"
version = "1.0.117"
source = "registry+https://github.com/rust-lang/crates.io-index"
checksum = "455182ea6142b14f93f4bc5320a2b31c1f266b66a4a5c858b013302a5d8cbfc3"
dependencies = [
 "itoa",
 "ryu",
 "serde",
]

[[package]]
name = "serde_repr"
version = "0.1.19"
source = "registry+https://github.com/rust-lang/crates.io-index"
checksum = "6c64451ba24fc7a6a2d60fc75dd9c83c90903b19028d4eff35e88fc1e86564e9"
dependencies = [
 "proc-macro2",
 "quote",
 "syn 2.0.65",
]

[[package]]
name = "signal-hook"
version = "0.3.17"
source = "registry+https://github.com/rust-lang/crates.io-index"
checksum = "8621587d4798caf8eb44879d42e56b9a93ea5dcd315a6487c357130095b62801"
dependencies = [
 "libc",
 "signal-hook-registry",
]

[[package]]
name = "signal-hook-mio"
version = "0.2.3"
source = "registry+https://github.com/rust-lang/crates.io-index"
checksum = "29ad2e15f37ec9a6cc544097b78a1ec90001e9f71b81338ca39f430adaca99af"
dependencies = [
 "libc",
 "mio",
 "signal-hook",
]

[[package]]
name = "signal-hook-registry"
version = "1.4.2"
source = "registry+https://github.com/rust-lang/crates.io-index"
checksum = "a9e9e0b4211b72e7b8b6e85c807d36c212bdb33ea8587f7569562a84df5465b1"
dependencies = [
 "libc",
]

[[package]]
name = "smallvec"
version = "1.13.2"
source = "registry+https://github.com/rust-lang/crates.io-index"
checksum = "3c5e1a9a646d36c3599cd173a41282daf47c44583ad367b8e6837255952e5c67"

[[package]]
name = "syn"
version = "1.0.109"
source = "registry+https://github.com/rust-lang/crates.io-index"
checksum = "72b64191b275b66ffe2469e8af2c1cfe3bafa67b529ead792a6d0160888b4237"
dependencies = [
 "proc-macro2",
 "quote",
 "unicode-ident",
]

[[package]]
name = "syn"
version = "2.0.65"
source = "registry+https://github.com/rust-lang/crates.io-index"
checksum = "d2863d96a84c6439701d7a38f9de935ec562c8832cc55d1dde0f513b52fad106"
dependencies = [
 "proc-macro2",
 "quote",
 "unicode-ident",
]

[[package]]
name = "target-lexicon"
version = "0.12.14"
source = "registry+https://github.com/rust-lang/crates.io-index"
checksum = "e1fc403891a21bcfb7c37834ba66a547a8f402146eba7265b5a6d88059c9ff2f"

[[package]]
name = "thread_local"
version = "1.1.8"
source = "registry+https://github.com/rust-lang/crates.io-index"
checksum = "8b9ef9bad013ada3808854ceac7b46812a6465ba368859a37e2100283d2d719c"
dependencies = [
 "cfg-if",
 "once_cell",
]

[[package]]
name = "tinyvec"
version = "1.6.0"
source = "registry+https://github.com/rust-lang/crates.io-index"
checksum = "87cc5ceb3875bb20c2890005a4e226a4651264a5c75edb2421b52861a0a0cb50"
dependencies = [
 "tinyvec_macros",
]

[[package]]
name = "tinyvec_macros"
version = "0.1.1"
source = "registry+https://github.com/rust-lang/crates.io-index"
checksum = "1f3ccbac311fea05f86f61904b462b55fb3df8837a366dfc601a0161d0532f20"

[[package]]
name = "unicode-bidi"
version = "0.3.15"
source = "registry+https://github.com/rust-lang/crates.io-index"
checksum = "08f95100a766bf4f8f28f90d77e0a5461bbdb219042e7679bebe79004fed8d75"

[[package]]
name = "unicode-ident"
version = "1.0.12"
source = "registry+https://github.com/rust-lang/crates.io-index"
checksum = "3354b9ac3fae1ff6755cb6db53683adb661634f67557942dea4facebec0fee4b"

[[package]]
name = "unicode-normalization"
version = "0.1.23"
source = "registry+https://github.com/rust-lang/crates.io-index"
checksum = "a56d1686db2308d901306f92a263857ef59ea39678a5458e7cb17f01415101f5"
dependencies = [
 "tinyvec",
]

[[package]]
name = "unicode-xid"
version = "0.2.4"
source = "registry+https://github.com/rust-lang/crates.io-index"
checksum = "f962df74c8c05a667b5ee8bcf162993134c104e96440b663c8daa176dc772d8c"

[[package]]
name = "unindent"
version = "0.2.3"
source = "registry+https://github.com/rust-lang/crates.io-index"
checksum = "c7de7d73e1754487cb58364ee906a499937a0dfabd86bcb980fa99ec8c8fa2ce"

[[package]]
name = "url"
version = "2.5.0"
source = "registry+https://github.com/rust-lang/crates.io-index"
checksum = "31e6302e3bb753d46e83516cae55ae196fc0c309407cf11ab35cc51a4c2a4633"
dependencies = [
 "form_urlencoded",
 "idna",
 "percent-encoding",
 "serde",
]

[[package]]
name = "wasi"
version = "0.11.0+wasi-snapshot-preview1"
source = "registry+https://github.com/rust-lang/crates.io-index"
checksum = "9c8d87e72b64a3b4db28d11ce29237c246188f4f51057d65a7eab63b7987e423"

[[package]]
name = "winapi"
version = "0.3.9"
source = "registry+https://github.com/rust-lang/crates.io-index"
checksum = "5c839a674fcd7a98952e593242ea400abe93992746761e38641405d28b00f419"
dependencies = [
 "winapi-i686-pc-windows-gnu",
 "winapi-x86_64-pc-windows-gnu",
]

[[package]]
name = "winapi-i686-pc-windows-gnu"
version = "0.4.0"
source = "registry+https://github.com/rust-lang/crates.io-index"
checksum = "ac3b87c63620426dd9b991e5ce0329eff545bccbbb34f3be09ff6fb6ab51b7b6"

[[package]]
name = "winapi-x86_64-pc-windows-gnu"
version = "0.4.0"
source = "registry+https://github.com/rust-lang/crates.io-index"
checksum = "712e227841d057c1ee1cd2fb22fa7e5a5461ae8e48fa2ca79ec42cfc1931183f"

[[package]]
name = "windows-sys"
version = "0.48.0"
source = "registry+https://github.com/rust-lang/crates.io-index"
checksum = "677d2418bec65e3338edb076e806bc1ec15693c5d0104683f2efe857f61056a9"
dependencies = [
 "windows-targets 0.48.5",
]

[[package]]
name = "windows-targets"
version = "0.48.5"
source = "registry+https://github.com/rust-lang/crates.io-index"
checksum = "9a2fa6e2155d7247be68c096456083145c183cbbbc2764150dda45a87197940c"
dependencies = [
 "windows_aarch64_gnullvm 0.48.5",
 "windows_aarch64_msvc 0.48.5",
 "windows_i686_gnu 0.48.5",
 "windows_i686_msvc 0.48.5",
 "windows_x86_64_gnu 0.48.5",
 "windows_x86_64_gnullvm 0.48.5",
 "windows_x86_64_msvc 0.48.5",
]

[[package]]
name = "windows-targets"
version = "0.52.5"
source = "registry+https://github.com/rust-lang/crates.io-index"
checksum = "6f0713a46559409d202e70e28227288446bf7841d3211583a4b53e3f6d96e7eb"
dependencies = [
 "windows_aarch64_gnullvm 0.52.5",
 "windows_aarch64_msvc 0.52.5",
 "windows_i686_gnu 0.52.5",
 "windows_i686_gnullvm",
 "windows_i686_msvc 0.52.5",
 "windows_x86_64_gnu 0.52.5",
 "windows_x86_64_gnullvm 0.52.5",
 "windows_x86_64_msvc 0.52.5",
]

[[package]]
name = "windows_aarch64_gnullvm"
version = "0.48.5"
source = "registry+https://github.com/rust-lang/crates.io-index"
checksum = "2b38e32f0abccf9987a4e3079dfb67dcd799fb61361e53e2882c3cbaf0d905d8"

[[package]]
name = "windows_aarch64_gnullvm"
version = "0.52.5"
source = "registry+https://github.com/rust-lang/crates.io-index"
checksum = "7088eed71e8b8dda258ecc8bac5fb1153c5cffaf2578fc8ff5d61e23578d3263"

[[package]]
name = "windows_aarch64_msvc"
version = "0.48.5"
source = "registry+https://github.com/rust-lang/crates.io-index"
checksum = "dc35310971f3b2dbbf3f0690a219f40e2d9afcf64f9ab7cc1be722937c26b4bc"

[[package]]
name = "windows_aarch64_msvc"
version = "0.52.5"
source = "registry+https://github.com/rust-lang/crates.io-index"
checksum = "9985fd1504e250c615ca5f281c3f7a6da76213ebd5ccc9561496568a2752afb6"

[[package]]
name = "windows_i686_gnu"
version = "0.48.5"
source = "registry+https://github.com/rust-lang/crates.io-index"
checksum = "a75915e7def60c94dcef72200b9a8e58e5091744960da64ec734a6c6e9b3743e"

[[package]]
name = "windows_i686_gnu"
version = "0.52.5"
source = "registry+https://github.com/rust-lang/crates.io-index"
checksum = "88ba073cf16d5372720ec942a8ccbf61626074c6d4dd2e745299726ce8b89670"

[[package]]
name = "windows_i686_gnullvm"
version = "0.52.5"
source = "registry+https://github.com/rust-lang/crates.io-index"
checksum = "87f4261229030a858f36b459e748ae97545d6f1ec60e5e0d6a3d32e0dc232ee9"

[[package]]
name = "windows_i686_msvc"
version = "0.48.5"
source = "registry+https://github.com/rust-lang/crates.io-index"
checksum = "8f55c233f70c4b27f66c523580f78f1004e8b5a8b659e05a4eb49d4166cca406"

[[package]]
name = "windows_i686_msvc"
version = "0.52.5"
source = "registry+https://github.com/rust-lang/crates.io-index"
checksum = "db3c2bf3d13d5b658be73463284eaf12830ac9a26a90c717b7f771dfe97487bf"

[[package]]
name = "windows_x86_64_gnu"
version = "0.48.5"
source = "registry+https://github.com/rust-lang/crates.io-index"
checksum = "53d40abd2583d23e4718fddf1ebec84dbff8381c07cae67ff7768bbf19c6718e"

[[package]]
name = "windows_x86_64_gnu"
version = "0.52.5"
source = "registry+https://github.com/rust-lang/crates.io-index"
checksum = "4e4246f76bdeff09eb48875a0fd3e2af6aada79d409d33011886d3e1581517d9"

[[package]]
name = "windows_x86_64_gnullvm"
version = "0.48.5"
source = "registry+https://github.com/rust-lang/crates.io-index"
checksum = "0b7b52767868a23d5bab768e390dc5f5c55825b6d30b86c844ff2dc7414044cc"

[[package]]
name = "windows_x86_64_gnullvm"
version = "0.52.5"
source = "registry+https://github.com/rust-lang/crates.io-index"
checksum = "852298e482cd67c356ddd9570386e2862b5673c85bd5f88df9ab6802b334c596"

[[package]]
name = "windows_x86_64_msvc"
version = "0.48.5"
source = "registry+https://github.com/rust-lang/crates.io-index"
checksum = "ed94fce61571a4006852b7389a063ab983c02eb1bb37b47f8272ce92d06d9538"

[[package]]
name = "windows_x86_64_msvc"
version = "0.52.5"
source = "registry+https://github.com/rust-lang/crates.io-index"
checksum = "bec47e5bfd1bff0eeaf6d8b485cc1074891a197ab4225d504cb7a1ab88b02bf0"
